
Microsoft Visual Studio Solution File, Format Version 12.00
# Visual Studio Version 16
VisualStudioVersion = 16.0.31515.178
MinimumVisualStudioVersion = 10.0.40219.1
Project("{FAE04EC0-301F-11D3-BF4B-00C04F79EFBC}") = "Refactor1", "Refactor1\Refactor1.csproj", "{0F5F46E1-05FE-407E-9F48-E7A634EA110F}"
EndProject
Global
	GlobalSection(SolutionConfigurationPlatforms) = preSolution
		Debug|Any CPU = Debug|Any CPU
		Release|Any CPU = Release|Any CPU
	EndGlobalSection
	GlobalSection(ProjectConfigurationPlatforms) = postSolution
		{0F5F46E1-05FE-407E-9F48-E7A634EA110F}.Debug|Any CPU.ActiveCfg = Debug|Any CPU
		{0F5F46E1-05FE-407E-9F48-E7A634EA110F}.Debug|Any CPU.Build.0 = Debug|Any CPU
		{0F5F46E1-05FE-407E-9F48-E7A634EA110F}.Release|Any CPU.ActiveCfg = Release|Any CPU
		{0F5F46E1-05FE-407E-9F48-E7A634EA110F}.Release|Any CPU.Build.0 = Release|Any CPU
	EndGlobalSection
	GlobalSection(SolutionProperties) = preSolution
		HideSolutionNode = FALSE
	EndGlobalSection
	GlobalSection(ExtensibilityGlobals) = postSolution
		SolutionGuid = {777EDC9B-9ECF-4099-97DB-C7C0014C1930}
	EndGlobalSection
EndGlobal
